
Microsoft Visual Studio Solution File, Format Version 12.00
# Visual Studio Version 16
VisualStudioVersion = 16.0.36602.28
MinimumVisualStudioVersion = 10.0.40219.1
Project("{FAE04EC0-301F-11D3-BF4B-00C04F79EFBC}") = "Task1", "Task1.csproj", "{32A03571-333D-40C0-8779-D0C74B7A50F2}"
EndProject
Global
	GlobalSection(SolutionConfigurationPlatforms) = preSolution
		Debug|Any CPU = Debug|Any CPU
		Release|Any CPU = Release|Any CPU
	EndGlobalSection
	GlobalSection(ProjectConfigurationPlatforms) = postSolution
		{32A03571-333D-40C0-8779-D0C74B7A50F2}.Debug|Any CPU.ActiveCfg = Debug|Any CPU
		{32A03571-333D-40C0-8779-D0C74B7A50F2}.Debug|Any CPU.Build.0 = Debug|Any CPU
		{32A03571-333D-40C0-8779-D0C74B7A50F2}.Release|Any CPU.ActiveCfg = Release|Any CPU
		{32A03571-333D-40C0-8779-D0C74B7A50F2}.Release|Any CPU.Build.0 = Release|Any CPU
	EndGlobalSection
	GlobalSection(SolutionProperties) = preSolution
		HideSolutionNode = FALSE
	EndGlobalSection
	GlobalSection(ExtensibilityGlobals) = postSolution
		SolutionGuid = {A82C9B5B-472D-4E6F-8881-24F4536CA865}
	EndGlobalSection
EndGlobal
